
Microsoft Visual Studio Solution File, Format Version 12.00
# Visual Studio Version 16
VisualStudioVersion = 16.0.31702.278
MinimumVisualStudioVersion = 10.0.40219.1
Project("{FAE04EC0-301F-11D3-BF4B-00C04F79EFBC}") = "HotelCaini_web", "HotelCaini_web\HotelCaini_web.csproj", "{465A2EBF-4A18-4F07-9A9F-6CAC4BF88EC6}"
EndProject
Global
	GlobalSection(SolutionConfigurationPlatforms) = preSolution
		Debug|Any CPU = Debug|Any CPU
		Release|Any CPU = Release|Any CPU
	EndGlobalSection
	GlobalSection(ProjectConfigurationPlatforms) = postSolution
		{465A2EBF-4A18-4F07-9A9F-6CAC4BF88EC6}.Debug|Any CPU.ActiveCfg = Debug|Any CPU
		{465A2EBF-4A18-4F07-9A9F-6CAC4BF88EC6}.Debug|Any CPU.Build.0 = Debug|Any CPU
		{465A2EBF-4A18-4F07-9A9F-6CAC4BF88EC6}.Release|Any CPU.ActiveCfg = Release|Any CPU
		{465A2EBF-4A18-4F07-9A9F-6CAC4BF88EC6}.Release|Any CPU.Build.0 = Release|Any CPU
	EndGlobalSection
	GlobalSection(SolutionProperties) = preSolution
		HideSolutionNode = FALSE
	EndGlobalSection
	GlobalSection(ExtensibilityGlobals) = postSolution
		SolutionGuid = {D1BE7E59-ABB4-4480-8173-E45C1E567F7C}
	EndGlobalSection
EndGlobal
